{
  "version": 4,
  "terraform_version": "1.14.3",
  "serial": 34,
  "lineage": "9e04b95a-321d-9121-4567-4ac0e53afd41",
  "outputs": {
    "lambda_function_name": {
      "value": "safekeep-image-processor",
      "type": "string"
    },
    "s3_bucket_name": {
      "value": "safekeep-ngo-vault-149575e8",
      "type": "string"
    },
    "vault_bucket_name": {
      "value": "safekeep-ngo-vault-149575e8",
      "type": "string"
    }
  },
  "resources": [
    {
      "mode": "managed",
      "type": "aws_iam_role",
      "name": "lambda_exec_role",
      "provider": "provider[\"registry.terraform.io/hashicorp/aws\"]",
      "instances": [
        {
          "status": "tainted",
          "schema_version": 0,
          "attributes": {
            "arn": "arn:aws:iam::549245499817:role/safekeep_lambda_role",
            "assume_role_policy": "{\"Statement\":[{\"Action\":\"sts:AssumeRole\",\"Effect\":\"Allow\",\"Principal\":{\"Service\":\"lambda.amazonaws.com\"}}],\"Version\":\"2012-10-17\"}",
            "create_date": "2026-01-30T18:36:12Z",
            "description": "",
            "force_detach_policies": false,
            "id": "safekeep_lambda_role",
            "inline_policy": [],
            "managed_policy_arns": [],
            "max_session_duration": 3600,
            "name": "safekeep_lambda_role",
            "name_prefix": "",
            "path": "/",
            "permissions_boundary": "",
            "tags": null,
            "tags_all": null,
            "unique_id": "AROAX7YMVHGU75CWWV4EC"
          },
          "sensitive_attributes": [],
          "identity_schema_version": 0,
          "private": "bnVsbA=="
        }
      ]
    },
    {
      "mode": "managed",
      "type": "aws_s3_bucket",
      "name": "vault",
      "provider": "provider[\"registry.terraform.io/hashicorp/aws\"]",
      "instances": [
        {
          "schema_version": 0,
          "attributes": {
            "acceleration_status": "",
            "acl": null,
            "arn": "arn:aws:s3:::safekeep-ngo-vault-149575e8",
            "bucket": "safekeep-ngo-vault-149575e8",
            "bucket_domain_name": "safekeep-ngo-vault-149575e8.s3.amazonaws.com",
            "bucket_prefix": "",
            "bucket_region": "eu-north-1",
            "bucket_regional_domain_name": "safekeep-ngo-vault-149575e8.s3.eu-north-1.amazonaws.com",
            "cors_rule": [],
            "force_destroy": false,
            "grant": [
              {
                "id": "5317636406399b9a9f70993bad469982fe92f9a495f58d986c0bd59bb19a6750",
                "permissions": [
                  "FULL_CONTROL"
                ],
                "type": "CanonicalUser",
                "uri": ""
              }
            ],
            "hosted_zone_id": "Z3BAZG2TWCNX0D",
            "id": "safekeep-ngo-vault-149575e8",
            "lifecycle_rule": [],
            "logging": [],
            "object_lock_configuration": [],
            "object_lock_enabled": false,
            "policy": "",
            "region": "eu-north-1",
            "replication_configuration": [],
            "request_payer": "BucketOwner",
            "server_side_encryption_configuration": [
              {
                "rule": [
                  {
                    "apply_server_side_encryption_by_default": [
                      {
                        "kms_master_key_id": "",
                        "sse_algorithm": "AES256"
                      }
                    ],
                    "bucket_key_enabled": false
                  }
                ]
              }
            ],
            "tags": {
              "Environment": "Production",
              "Owner": "NGO-Admin",
              "Project": "SafeKeep"
            },
            "tags_all": {
              "Environment": "Production",
              "Owner": "NGO-Admin",
              "Project": "SafeKeep"
            },
            "timeouts": null,
            "versioning": [
              {
                "enabled": false,
                "mfa_delete": false
              }
            ],
            "website": [],
            "website_domain": null,
            "website_endpoint": null
          },
          "sensitive_attributes": [],
          "identity_schema_version": 0,
          "identity": {
            "account_id": "549245499817",
            "bucket": "safekeep-ngo-vault-149575e8",
            "region": "eu-north-1"
          },
          "private": "eyJlMmJmYjczMC1lY2FhLTExZTYtOGY4OC0zNDM2M2JjN2M0YzAiOnsiY3JlYXRlIjoxMjAwMDAwMDAwMDAwLCJkZWxldGUiOjM2MDAwMDAwMDAwMDAsInJlYWQiOjEyMDAwMDAwMDAwMDAsInVwZGF0ZSI6MTIwMDAwMDAwMDAwMH19",
          "dependencies": [
            "random_id.id"
          ]
        }
      ]
    },
    {
      "mode": "managed",
      "type": "aws_s3_bucket_lifecycle_configuration",
      "name": "vault_lifecycle",
      "provider": "provider[\"registry.terraform.io/hashicorp/aws\"]",
      "instances": [
        {
          "schema_version": 1,
          "attributes": {
            "bucket": "safekeep-ngo-vault-149575e8",
            "expected_bucket_owner": "",
            "id": "safekeep-ngo-vault-149575e8",
            "region": "eu-north-1",
            "rule": [
              {
                "abort_incomplete_multipart_upload": [],
                "expiration": [],
                "filter": [],
                "id": "archive-policy",
                "noncurrent_version_expiration": [],
                "noncurrent_version_transition": [],
                "prefix": "",
                "status": "Enabled",
                "transition": [
                  {
                    "date": null,
                    "days": 30,
                    "storage_class": "GLACIER"
                  }
                ]
              }
            ],
            "timeouts": null,
            "transition_default_minimum_object_size": "all_storage_classes_128K"
          },
          "sensitive_attributes": [],
          "identity_schema_version": 0,
          "dependencies": [
            "aws_s3_bucket.vault",
            "random_id.id"
          ]
        }
      ]
    },
    {
      "mode": "managed",
      "type": "aws_s3_bucket_public_access_block",
      "name": "vault_lockdown",
      "provider": "provider[\"registry.terraform.io/hashicorp/aws\"]",
      "instances": [
        {
          "schema_version": 0,
          "attributes": {
            "block_public_acls": true,
            "block_public_policy": true,
            "bucket": "safekeep-ngo-vault-149575e8",
            "id": "safekeep-ngo-vault-149575e8",
            "ignore_public_acls": true,
            "region": "eu-north-1",
            "restrict_public_buckets": true,
            "skip_destroy": null
          },
          "sensitive_attributes": [],
          "identity_schema_version": 0,
          "identity": {
            "account_id": "549245499817",
            "bucket": "safekeep-ngo-vault-149575e8",
            "region": "eu-north-1"
          },
          "private": "bnVsbA==",
          "dependencies": [
            "aws_s3_bucket.vault",
            "random_id.id"
          ]
        }
      ]
    },
    {
      "mode": "managed",
      "type": "random_id",
      "name": "id",
      "provider": "provider[\"registry.terraform.io/hashicorp/random\"]",
      "instances": [
        {
          "schema_version": 0,
          "attributes": {
            "b64_std": "FJV16A==",
            "b64_url": "FJV16A",
            "byte_length": 4,
            "dec": "345339368",
            "hex": "149575e8",
            "id": "FJV16A",
            "keepers": null,
            "prefix": null
          },
          "sensitive_attributes": [],
          "identity_schema_version": 0
        }
      ]
    }
  ],
  "check_results": null
}
